<?xml version="1.0" encoding="utf-8"?>
<Project ToolsVersion="4.0" xmlns="http://schemas.microsoft.com/developer/msbuild/2003">
  <ItemGroup>
    <Filter Include="源文件">
      <UniqueIdentifier>{4FC737F1-C7A5-4376-A066-2A32D752A2FF}</UniqueIdentifier>
      <Extensions>cpp;c;cc;cxx;c++;cppm;ixx;def;odl;idl;hpj;bat;asm;asmx</Extensions>
    </Filter>
    <Filter Include="头文件">
      <UniqueIdentifier>{93995380-89BD-4b04-88EB-625FBE52EBFB}</UniqueIdentifier>
      <Extensions>h;hh;hpp;hxx;h++;hm;inl;inc;ipp;xsd</Extensions>
    </Filter>
    <Filter Include="资源文件">
      <UniqueIdentifier>{67DA6AB6-F800-4c08-8B7A-83BB121AAD01}</UniqueIdentifier>
      <Extensions>rc;ico;cur;bmp;dlg;rc2;rct;bin;rgs;gif;jpg;jpeg;jpe;resx;tiff;tif;png;wav;mfcribbon-ms</Extensions>
    </Filter>
  </ItemGroup>
  <ItemGroup>
    <ClCompile Include="力扣404-左叶子之和.cpp">
      <Filter>源文件</Filter>
    </ClCompile>
    <ClCompile Include="力扣104-二叉树的最大深度.cpp">
      <Filter>源文件</Filter>
    </ClCompile>
    <ClCompile Include="力扣111-二叉树的最小深度.cpp">
      <Filter>源文件</Filter>
    </ClCompile>
    <ClCompile Include="力扣226-翻转二叉树.cpp">
      <Filter>源文件</Filter>
    </ClCompile>
    <ClCompile Include="力扣100-相同的树.cpp">
      <Filter>源文件</Filter>
    </ClCompile>
    <ClCompile Include="力扣101-对称二叉树.cpp">
      <Filter>源文件</Filter>
    </ClCompile>
    <ClCompile Include="力扣222-完全二叉树的节点个数.cpp">
      <Filter>源文件</Filter>
    </ClCompile>
    <ClCompile Include="力扣110-平衡二叉树.cpp">
      <Filter>源文件</Filter>
    </ClCompile>
    <ClCompile Include="力扣112-路径总和.cpp">
      <Filter>源文件</Filter>
    </ClCompile>
    <ClCompile Include="力扣257-二叉树的所有路径.cpp">
      <Filter>源文件</Filter>
    </ClCompile>
    <ClCompile Include="力扣113-路径总和2.cpp">
      <Filter>源文件</Filter>
    </ClCompile>
    <ClCompile Include="力扣129-求根节点到叶节点数字之和.cpp">
      <Filter>源文件</Filter>
    </ClCompile>
    <ClCompile Include="力扣437-路径总和III.cpp">
      <Filter>源文件</Filter>
    </ClCompile>
    <ClCompile Include="力扣235-二叉搜索树的最近公共祖先.cpp">
      <Filter>源文件</Filter>
    </ClCompile>
    <ClCompile Include="力扣98-验证二叉搜索树.cpp">
      <Filter>源文件</Filter>
    </ClCompile>
    <ClCompile Include="力扣450-删除二叉搜索树中的节点.cpp">
      <Filter>源文件</Filter>
    </ClCompile>
    <ClCompile Include="力扣108-将有序数组转换为二叉搜索树.cpp">
      <Filter>源文件</Filter>
    </ClCompile>
    <ClCompile Include="力扣230-二叉搜索树中第K小的元素.cpp">
      <Filter>源文件</Filter>
    </ClCompile>
    <ClCompile Include="力扣236-二叉树的最近公共祖先.cpp">
      <Filter>源文件</Filter>
    </ClCompile>
  </ItemGroup>
</Project>